
Microsoft Visual Studio Solution File, Format Version 12.00
# Visual Studio Version 17
VisualStudioVersion = 17.0.31903.332
MinimumVisualStudioVersion = 10.0.40219.1
Project("{FAE04EC0-301F-11D3-BF4B-00C04F79EFBC}") = "AtlasGT.Domain", "src\AtlasGT.Domain\AtlasGT.Domain.csproj", "{A1A1A1A1-A1A1-A1A1-A1A1-A1A1A1A1A1A1}"
EndProject
Project("{FAE04EC0-301F-11D3-BF4B-00C04F79EFBC}") = "AtlasGT.Application", "src\AtlasGT.Application\AtlasGT.Application.csproj", "{A2A2A2A2-A2A2-A2A2-A2A2-A2A2A2A2A2A2}"
EndProject
EndProject
Project("{2150E333-8FDC-42A3-9474-1A3956D46DE8}") = "modules", "modules", "{CA253913-39DE-BFD0-C9A3-4B7EC6FBDF17}"
EndProject
Project("{FAE04EC0-301F-11D3-BF4B-00C04F79EFBC}") = "AtlasGT.Count", "modules\AtlasGT.Count\AtlasGT.Count.csproj", "{87DA8BEA-FCEA-4832-A947-A2FEB5743192}"
EndProject
Project("{2150E333-8FDC-42A3-9474-1A3956D46DE8}") = "src", "src", "{827E0CD3-B72D-47B6-A68D-7590B98EB39B}"
EndProject
Project("{FAE04EC0-301F-11D3-BF4B-00C04F79EFBC}") = "AtlasGT.Api", "src\AtlasGT.Api\AtlasGT.Api.csproj", "{2FFF0750-EDFD-4156-B85E-695BC088C6F0}"
EndProject
Project("{FAE04EC0-301F-11D3-BF4B-00C04F79EFBC}") = "AtlasGT.Connectors.Abstractions", "src\AtlasGT.Connectors.Abstractions\AtlasGT.Connectors.Abstractions.csproj", "{014BDDF8-E047-4E78-9C5E-EDEE0D54F529}"
EndProject
Project("{FAE04EC0-301F-11D3-BF4B-00C04F79EFBC}") = "AtlasGT.Connectors.Modbus", "src\AtlasGT.Connectors.Modbus\AtlasGT.Connectors.Modbus.csproj", "{9C3BA4B3-4508-4515-8363-98BAB762083C}"
EndProject
Project("{FAE04EC0-301F-11D3-BF4B-00C04F79EFBC}") = "AtlasGT.Connectors.Mqtt", "src\AtlasGT.Connectors.Mqtt\AtlasGT.Connectors.Mqtt.csproj", "{EBDD4449-1D38-48CD-86A9-EE194066AC45}"
EndProject
Project("{FAE04EC0-301F-11D3-BF4B-00C04F79EFBC}") = "AtlasGT.Connectors.Network", "src\AtlasGT.Connectors.Network\AtlasGT.Connectors.Network.csproj", "{95D825B7-D3FA-4B83-82FA-72005CCAD1B9}"
EndProject
Project("{FAE04EC0-301F-11D3-BF4B-00C04F79EFBC}") = "AtlasGT.Connectors.OpcUa", "src\AtlasGT.Connectors.OpcUa\AtlasGT.Connectors.OpcUa.csproj", "{FDF649DC-931F-457B-8135-459E9D4EDC83}"
EndProject
Project("{FAE04EC0-301F-11D3-BF4B-00C04F79EFBC}") = "AtlasGT.Connectors.Serial", "src\AtlasGT.Connectors.Serial\AtlasGT.Connectors.Serial.csproj", "{C27E82CF-7852-4584-B78B-3ED37129F342}"
EndProject
Project("{FAE04EC0-301F-11D3-BF4B-00C04F79EFBC}") = "AtlasGT.Connectors.Simulators", "src\AtlasGT.Connectors.Simulators\AtlasGT.Connectors.Simulators.csproj", "{839D7FBE-65E9-4236-8D26-28460ED20281}"
EndProject
Project("{FAE04EC0-301F-11D3-BF4B-00C04F79EFBC}") = "AtlasGT.Discovery", "src\AtlasGT.Discovery\AtlasGT.Discovery.csproj", "{2AB2A038-2AC5-49C1-B1CB-A5FD2AD0A7A4}"
EndProject
Project("{FAE04EC0-301F-11D3-BF4B-00C04F79EFBC}") = "AtlasGT.Historian", "src\AtlasGT.Historian\AtlasGT.Historian.csproj", "{45CBE014-C1A3-40AB-AA65-BF4C23CEDA31}"
EndProject
Project("{FAE04EC0-301F-11D3-BF4B-00C04F79EFBC}") = "AtlasGT.Infrastructure", "src\AtlasGT.Infrastructure\AtlasGT.Infrastructure.csproj", "{643D77C7-B90E-42F2-BB08-456A4F8B6C6E}"
EndProject
Project("{FAE04EC0-301F-11D3-BF4B-00C04F79EFBC}") = "AtlasGT.Normalization", "src\AtlasGT.Normalization\AtlasGT.Normalization.csproj", "{22CBD4D4-1F18-4F44-9E89-A06F82E56134}"
EndProject
Project("{FAE04EC0-301F-11D3-BF4B-00C04F79EFBC}") = "AtlasGT.ProtocolInference", "src\AtlasGT.ProtocolInference\AtlasGT.ProtocolInference.csproj", "{1B0F9D36-81A6-419B-B700-498CCC417CBB}"
EndProject
Project("{FAE04EC0-301F-11D3-BF4B-00C04F79EFBC}") = "AtlasGT.Security", "src\AtlasGT.Security\AtlasGT.Security.csproj", "{33397858-2FF2-45A9-B0EF-C993F19C190D}"
EndProject
Project("{FAE04EC0-301F-11D3-BF4B-00C04F79EFBC}") = "AtlasGT.Web", "src\AtlasGT.Web\AtlasGT.Web.csproj", "{B5C5494C-AC6B-43C6-AE21-7FDC51165E07}"
EndProject
Project("{2150E333-8FDC-42A3-9474-1A3956D46DE8}") = "tests", "tests", "{0AB3BF05-4346-4AA6-1389-037BE0695223}"
EndProject
Project("{FAE04EC0-301F-11D3-BF4B-00C04F79EFBC}") = "AtlasGT.EndToEndTests", "tests\AtlasGT.EndToEndTests\AtlasGT.EndToEndTests.csproj", "{3538D99C-18BE-4BF1-B30B-5492D7937F74}"
EndProject
Project("{FAE04EC0-301F-11D3-BF4B-00C04F79EFBC}") = "AtlasGT.IntegrationTests", "tests\AtlasGT.IntegrationTests\AtlasGT.IntegrationTests.csproj", "{41D42AAC-C7E4-4576-A98F-589B89281203}"
EndProject
Project("{FAE04EC0-301F-11D3-BF4B-00C04F79EFBC}") = "AtlasGT.ProtocolTests", "tests\AtlasGT.ProtocolTests\AtlasGT.ProtocolTests.csproj", "{8B4ED134-63D5-470A-9FAD-D1EBF9B4E6A4}"
EndProject
Project("{FAE04EC0-301F-11D3-BF4B-00C04F79EFBC}") = "AtlasGT.SimulatorTests", "tests\AtlasGT.SimulatorTests\AtlasGT.SimulatorTests.csproj", "{DDFAB72B-4AE6-46AB-BA3A-A50F30A73F81}"
EndProject
Project("{FAE04EC0-301F-11D3-BF4B-00C04F79EFBC}") = "AtlasGT.UnitTests", "tests\AtlasGT.UnitTests\AtlasGT.UnitTests.csproj", "{5114AE80-3C07-4251-8892-A45C8457EC7C}"
EndProject
Global
	GlobalSection(SolutionConfigurationPlatforms) = preSolution
		Debug|Any CPU = Debug|Any CPU
		Debug|x64 = Debug|x64
		Debug|x86 = Debug|x86
		Release|Any CPU = Release|Any CPU
		Release|x64 = Release|x64
		Release|x86 = Release|x86
	EndGlobalSection
	GlobalSection(ProjectConfigurationPlatforms) = postSolution
		{A1A1A1A1-A1A1-A1A1-A1A1-A1A1A1A1A1A1}.Debug|Any CPU.ActiveCfg = Debug|Any CPU
		{A1A1A1A1-A1A1-A1A1-A1A1-A1A1A1A1A1A1}.Debug|Any CPU.Build.0 = Debug|Any CPU
		{A1A1A1A1-A1A1-A1A1-A1A1-A1A1A1A1A1A1}.Debug|x64.ActiveCfg = Debug|Any CPU
		{A1A1A1A1-A1A1-A1A1-A1A1-A1A1A1A1A1A1}.Debug|x64.Build.0 = Debug|Any CPU
		{A1A1A1A1-A1A1-A1A1-A1A1-A1A1A1A1A1A1}.Debug|x86.ActiveCfg = Debug|Any CPU
		{A1A1A1A1-A1A1-A1A1-A1A1-A1A1A1A1A1A1}.Debug|x86.Build.0 = Debug|Any CPU
		{A1A1A1A1-A1A1-A1A1-A1A1-A1A1A1A1A1A1}.Release|Any CPU.ActiveCfg = Release|Any CPU
		{A1A1A1A1-A1A1-A1A1-A1A1-A1A1A1A1A1A1}.Release|Any CPU.Build.0 = Release|Any CPU
		{A1A1A1A1-A1A1-A1A1-A1A1-A1A1A1A1A1A1}.Release|x64.ActiveCfg = Release|Any CPU
		{A1A1A1A1-A1A1-A1A1-A1A1-A1A1A1A1A1A1}.Release|x64.Build.0 = Release|Any CPU
		{A1A1A1A1-A1A1-A1A1-A1A1-A1A1A1A1A1A1}.Release|x86.ActiveCfg = Release|Any CPU
		{A1A1A1A1-A1A1-A1A1-A1A1-A1A1A1A1A1A1}.Release|x86.Build.0 = Release|Any CPU
		{A2A2A2A2-A2A2-A2A2-A2A2-A2A2A2A2A2A2}.Debug|Any CPU.ActiveCfg = Debug|Any CPU
		{A2A2A2A2-A2A2-A2A2-A2A2-A2A2A2A2A2A2}.Debug|Any CPU.Build.0 = Debug|Any CPU
		{A2A2A2A2-A2A2-A2A2-A2A2-A2A2A2A2A2A2}.Debug|x64.ActiveCfg = Debug|Any CPU
		{A2A2A2A2-A2A2-A2A2-A2A2-A2A2A2A2A2A2}.Debug|x64.Build.0 = Debug|Any CPU
		{A2A2A2A2-A2A2-A2A2-A2A2-A2A2A2A2A2A2}.Debug|x86.ActiveCfg = Debug|Any CPU
		{A2A2A2A2-A2A2-A2A2-A2A2-A2A2A2A2A2A2}.Debug|x86.Build.0 = Debug|Any CPU
		{A2A2A2A2-A2A2-A2A2-A2A2-A2A2A2A2A2A2}.Release|Any CPU.ActiveCfg = Release|Any CPU
		{A2A2A2A2-A2A2-A2A2-A2A2-A2A2A2A2A2A2}.Release|Any CPU.Build.0 = Release|Any CPU
		{A2A2A2A2-A2A2-A2A2-A2A2-A2A2A2A2A2A2}.Release|x64.ActiveCfg = Release|Any CPU
		{A2A2A2A2-A2A2-A2A2-A2A2-A2A2A2A2A2A2}.Release|x64.Build.0 = Release|Any CPU
		{A2A2A2A2-A2A2-A2A2-A2A2-A2A2A2A2A2A2}.Release|x86.ActiveCfg = Release|Any CPU
		{A2A2A2A2-A2A2-A2A2-A2A2-A2A2A2A2A2A2}.Release|x86.Build.0 = Release|Any CPU
		{2E2FEBE0-EDDE-481E-A51C-898393AE8896}.Debug|Any CPU.ActiveCfg = Debug|Any CPU
		{2E2FEBE0-EDDE-481E-A51C-898393AE8896}.Debug|Any CPU.Build.0 = Debug|Any CPU
		{2E2FEBE0-EDDE-481E-A51C-898393AE8896}.Debug|x64.ActiveCfg = Debug|Any CPU
		{2E2FEBE0-EDDE-481E-A51C-898393AE8896}.Debug|x64.Build.0 = Debug|Any CPU
		{2E2FEBE0-EDDE-481E-A51C-898393AE8896}.Debug|x86.ActiveCfg = Debug|Any CPU
		{2E2FEBE0-EDDE-481E-A51C-898393AE8896}.Debug|x86.Build.0 = Debug|Any CPU
		{2E2FEBE0-EDDE-481E-A51C-898393AE8896}.Release|Any CPU.ActiveCfg = Release|Any CPU
		{2E2FEBE0-EDDE-481E-A51C-898393AE8896}.Release|Any CPU.Build.0 = Release|Any CPU
		{2E2FEBE0-EDDE-481E-A51C-898393AE8896}.Release|x64.ActiveCfg = Release|Any CPU
		{2E2FEBE0-EDDE-481E-A51C-898393AE8896}.Release|x64.Build.0 = Release|Any CPU
		{2E2FEBE0-EDDE-481E-A51C-898393AE8896}.Release|x86.ActiveCfg = Release|Any CPU
		{2E2FEBE0-EDDE-481E-A51C-898393AE8896}.Release|x86.Build.0 = Release|Any CPU
		{87DA8BEA-FCEA-4832-A947-A2FEB5743192}.Debug|Any CPU.ActiveCfg = Debug|Any CPU
		{87DA8BEA-FCEA-4832-A947-A2FEB5743192}.Debug|Any CPU.Build.0 = Debug|Any CPU
		{87DA8BEA-FCEA-4832-A947-A2FEB5743192}.Debug|x64.ActiveCfg = Debug|Any CPU
		{87DA8BEA-FCEA-4832-A947-A2FEB5743192}.Debug|x64.Build.0 = Debug|Any CPU
		{87DA8BEA-FCEA-4832-A947-A2FEB5743192}.Debug|x86.ActiveCfg = Debug|Any CPU
		{87DA8BEA-FCEA-4832-A947-A2FEB5743192}.Debug|x86.Build.0 = Debug|Any CPU
		{87DA8BEA-FCEA-4832-A947-A2FEB5743192}.Release|Any CPU.ActiveCfg = Release|Any CPU
		{87DA8BEA-FCEA-4832-A947-A2FEB5743192}.Release|Any CPU.Build.0 = Release|Any CPU
		{87DA8BEA-FCEA-4832-A947-A2FEB5743192}.Release|x64.ActiveCfg = Release|Any CPU
		{87DA8BEA-FCEA-4832-A947-A2FEB5743192}.Release|x64.Build.0 = Release|Any CPU
		{87DA8BEA-FCEA-4832-A947-A2FEB5743192}.Release|x86.ActiveCfg = Release|Any CPU
		{87DA8BEA-FCEA-4832-A947-A2FEB5743192}.Release|x86.Build.0 = Release|Any CPU
		{2FFF0750-EDFD-4156-B85E-695BC088C6F0}.Debug|Any CPU.ActiveCfg = Debug|Any CPU
		{2FFF0750-EDFD-4156-B85E-695BC088C6F0}.Debug|Any CPU.Build.0 = Debug|Any CPU
		{2FFF0750-EDFD-4156-B85E-695BC088C6F0}.Debug|x64.ActiveCfg = Debug|Any CPU
		{2FFF0750-EDFD-4156-B85E-695BC088C6F0}.Debug|x64.Build.0 = Debug|Any CPU
		{2FFF0750-EDFD-4156-B85E-695BC088C6F0}.Debug|x86.ActiveCfg = Debug|Any CPU
		{2FFF0750-EDFD-4156-B85E-695BC088C6F0}.Debug|x86.Build.0 = Debug|Any CPU
		{2FFF0750-EDFD-4156-B85E-695BC088C6F0}.Release|Any CPU.ActiveCfg = Release|Any CPU
		{2FFF0750-EDFD-4156-B85E-695BC088C6F0}.Release|Any CPU.Build.0 = Release|Any CPU
		{2FFF0750-EDFD-4156-B85E-695BC088C6F0}.Release|x64.ActiveCfg = Release|Any CPU
		{2FFF0750-EDFD-4156-B85E-695BC088C6F0}.Release|x64.Build.0 = Release|Any CPU
		{2FFF0750-EDFD-4156-B85E-695BC088C6F0}.Release|x86.ActiveCfg = Release|Any CPU
		{2FFF0750-EDFD-4156-B85E-695BC088C6F0}.Release|x86.Build.0 = Release|Any CPU
		{014BDDF8-E047-4E78-9C5E-EDEE0D54F529}.Debug|Any CPU.ActiveCfg = Debug|Any CPU
		{014BDDF8-E047-4E78-9C5E-EDEE0D54F529}.Debug|Any CPU.Build.0 = Debug|Any CPU
		{014BDDF8-E047-4E78-9C5E-EDEE0D54F529}.Debug|x64.ActiveCfg = Debug|Any CPU
		{014BDDF8-E047-4E78-9C5E-EDEE0D54F529}.Debug|x64.Build.0 = Debug|Any CPU
		{014BDDF8-E047-4E78-9C5E-EDEE0D54F529}.Debug|x86.ActiveCfg = Debug|Any CPU
		{014BDDF8-E047-4E78-9C5E-EDEE0D54F529}.Debug|x86.Build.0 = Debug|Any CPU
		{014BDDF8-E047-4E78-9C5E-EDEE0D54F529}.Release|Any CPU.ActiveCfg = Release|Any CPU
		{014BDDF8-E047-4E78-9C5E-EDEE0D54F529}.Release|Any CPU.Build.0 = Release|Any CPU
		{014BDDF8-E047-4E78-9C5E-EDEE0D54F529}.Release|x64.ActiveCfg = Release|Any CPU
		{014BDDF8-E047-4E78-9C5E-EDEE0D54F529}.Release|x64.Build.0 = Release|Any CPU
		{014BDDF8-E047-4E78-9C5E-EDEE0D54F529}.Release|x86.ActiveCfg = Release|Any CPU
		{014BDDF8-E047-4E78-9C5E-EDEE0D54F529}.Release|x86.Build.0 = Release|Any CPU
		{9C3BA4B3-4508-4515-8363-98BAB762083C}.Debug|Any CPU.ActiveCfg = Debug|Any CPU
		{9C3BA4B3-4508-4515-8363-98BAB762083C}.Debug|Any CPU.Build.0 = Debug|Any CPU
		{9C3BA4B3-4508-4515-8363-98BAB762083C}.Debug|x64.ActiveCfg = Debug|Any CPU
		{9C3BA4B3-4508-4515-8363-98BAB762083C}.Debug|x64.Build.0 = Debug|Any CPU
		{9C3BA4B3-4508-4515-8363-98BAB762083C}.Debug|x86.ActiveCfg = Debug|Any CPU
		{9C3BA4B3-4508-4515-8363-98BAB762083C}.Debug|x86.Build.0 = Debug|Any CPU
		{9C3BA4B3-4508-4515-8363-98BAB762083C}.Release|Any CPU.ActiveCfg = Release|Any CPU
		{9C3BA4B3-4508-4515-8363-98BAB762083C}.Release|Any CPU.Build.0 = Release|Any CPU
		{9C3BA4B3-4508-4515-8363-98BAB762083C}.Release|x64.ActiveCfg = Release|Any CPU
		{9C3BA4B3-4508-4515-8363-98BAB762083C}.Release|x64.Build.0 = Release|Any CPU
		{9C3BA4B3-4508-4515-8363-98BAB762083C}.Release|x86.ActiveCfg = Release|Any CPU
		{9C3BA4B3-4508-4515-8363-98BAB762083C}.Release|x86.Build.0 = Release|Any CPU
		{EBDD4449-1D38-48CD-86A9-EE194066AC45}.Debug|Any CPU.ActiveCfg = Debug|Any CPU
		{EBDD4449-1D38-48CD-86A9-EE194066AC45}.Debug|Any CPU.Build.0 = Debug|Any CPU
		{EBDD4449-1D38-48CD-86A9-EE194066AC45}.Debug|x64.ActiveCfg = Debug|Any CPU
		{EBDD4449-1D38-48CD-86A9-EE194066AC45}.Debug|x64.Build.0 = Debug|Any CPU
		{EBDD4449-1D38-48CD-86A9-EE194066AC45}.Debug|x86.ActiveCfg = Debug|Any CPU
		{EBDD4449-1D38-48CD-86A9-EE194066AC45}.Debug|x86.Build.0 = Debug|Any CPU
		{EBDD4449-1D38-48CD-86A9-EE194066AC45}.Release|Any CPU.ActiveCfg = Release|Any CPU
		{EBDD4449-1D38-48CD-86A9-EE194066AC45}.Release|Any CPU.Build.0 = Release|Any CPU
		{EBDD4449-1D38-48CD-86A9-EE194066AC45}.Release|x64.ActiveCfg = Release|Any CPU
		{EBDD4449-1D38-48CD-86A9-EE194066AC45}.Release|x64.Build.0 = Release|Any CPU
		{EBDD4449-1D38-48CD-86A9-EE194066AC45}.Release|x86.ActiveCfg = Release|Any CPU
		{EBDD4449-1D38-48CD-86A9-EE194066AC45}.Release|x86.Build.0 = Release|Any CPU
		{95D825B7-D3FA-4B83-82FA-72005CCAD1B9}.Debug|Any CPU.ActiveCfg = Debug|Any CPU
		{95D825B7-D3FA-4B83-82FA-72005CCAD1B9}.Debug|Any CPU.Build.0 = Debug|Any CPU
		{95D825B7-D3FA-4B83-82FA-72005CCAD1B9}.Debug|x64.ActiveCfg = Debug|Any CPU
		{95D825B7-D3FA-4B83-82FA-72005CCAD1B9}.Debug|x64.Build.0 = Debug|Any CPU
		{95D825B7-D3FA-4B83-82FA-72005CCAD1B9}.Debug|x86.ActiveCfg = Debug|Any CPU
		{95D825B7-D3FA-4B83-82FA-72005CCAD1B9}.Debug|x86.Build.0 = Debug|Any CPU
		{95D825B7-D3FA-4B83-82FA-72005CCAD1B9}.Release|Any CPU.ActiveCfg = Release|Any CPU
		{95D825B7-D3FA-4B83-82FA-72005CCAD1B9}.Release|Any CPU.Build.0 = Release|Any CPU
		{95D825B7-D3FA-4B83-82FA-72005CCAD1B9}.Release|x64.ActiveCfg = Release|Any CPU
		{95D825B7-D3FA-4B83-82FA-72005CCAD1B9}.Release|x64.Build.0 = Release|Any CPU
		{95D825B7-D3FA-4B83-82FA-72005CCAD1B9}.Release|x86.ActiveCfg = Release|Any CPU
		{95D825B7-D3FA-4B83-82FA-72005CCAD1B9}.Release|x86.Build.0 = Release|Any CPU
		{FDF649DC-931F-457B-8135-459E9D4EDC83}.Debug|Any CPU.ActiveCfg = Debug|Any CPU
		{FDF649DC-931F-457B-8135-459E9D4EDC83}.Debug|Any CPU.Build.0 = Debug|Any CPU
		{FDF649DC-931F-457B-8135-459E9D4EDC83}.Debug|x64.ActiveCfg = Debug|Any CPU
		{FDF649DC-931F-457B-8135-459E9D4EDC83}.Debug|x64.Build.0 = Debug|Any CPU
		{FDF649DC-931F-457B-8135-459E9D4EDC83}.Debug|x86.ActiveCfg = Debug|Any CPU
		{FDF649DC-931F-457B-8135-459E9D4EDC83}.Debug|x86.Build.0 = Debug|Any CPU
		{FDF649DC-931F-457B-8135-459E9D4EDC83}.Release|Any CPU.ActiveCfg = Release|Any CPU
		{FDF649DC-931F-457B-8135-459E9D4EDC83}.Release|Any CPU.Build.0 = Release|Any CPU
		{FDF649DC-931F-457B-8135-459E9D4EDC83}.Release|x64.ActiveCfg = Release|Any CPU
		{FDF649DC-931F-457B-8135-459E9D4EDC83}.Release|x64.Build.0 = Release|Any CPU
		{FDF649DC-931F-457B-8135-459E9D4EDC83}.Release|x86.ActiveCfg = Release|Any CPU
		{FDF649DC-931F-457B-8135-459E9D4EDC83}.Release|x86.Build.0 = Release|Any CPU
		{C27E82CF-7852-4584-B78B-3ED37129F342}.Debug|Any CPU.ActiveCfg = Debug|Any CPU
		{C27E82CF-7852-4584-B78B-3ED37129F342}.Debug|Any CPU.Build.0 = Debug|Any CPU
		{C27E82CF-7852-4584-B78B-3ED37129F342}.Debug|x64.ActiveCfg = Debug|Any CPU
		{C27E82CF-7852-4584-B78B-3ED37129F342}.Debug|x64.Build.0 = Debug|Any CPU
		{C27E82CF-7852-4584-B78B-3ED37129F342}.Debug|x86.ActiveCfg = Debug|Any CPU
		{C27E82CF-7852-4584-B78B-3ED37129F342}.Debug|x86.Build.0 = Debug|Any CPU
		{C27E82CF-7852-4584-B78B-3ED37129F342}.Release|Any CPU.ActiveCfg = Release|Any CPU
		{C27E82CF-7852-4584-B78B-3ED37129F342}.Release|Any CPU.Build.0 = Release|Any CPU
		{C27E82CF-7852-4584-B78B-3ED37129F342}.Release|x64.ActiveCfg = Release|Any CPU
		{C27E82CF-7852-4584-B78B-3ED37129F342}.Release|x64.Build.0 = Release|Any CPU
		{C27E82CF-7852-4584-B78B-3ED37129F342}.Release|x86.ActiveCfg = Release|Any CPU
		{C27E82CF-7852-4584-B78B-3ED37129F342}.Release|x86.Build.0 = Release|Any CPU
		{839D7FBE-65E9-4236-8D26-28460ED20281}.Debug|Any CPU.ActiveCfg = Debug|Any CPU
		{839D7FBE-65E9-4236-8D26-28460ED20281}.Debug|Any CPU.Build.0 = Debug|Any CPU
		{839D7FBE-65E9-4236-8D26-28460ED20281}.Debug|x64.ActiveCfg = Debug|Any CPU
		{839D7FBE-65E9-4236-8D26-28460ED20281}.Debug|x64.Build.0 = Debug|Any CPU
		{839D7FBE-65E9-4236-8D26-28460ED20281}.Debug|x86.ActiveCfg = Debug|Any CPU
		{839D7FBE-65E9-4236-8D26-28460ED20281}.Debug|x86.Build.0 = Debug|Any CPU
		{839D7FBE-65E9-4236-8D26-28460ED20281}.Release|Any CPU.ActiveCfg = Release|Any CPU
		{839D7FBE-65E9-4236-8D26-28460ED20281}.Release|Any CPU.Build.0 = Release|Any CPU
		{839D7FBE-65E9-4236-8D26-28460ED20281}.Release|x64.ActiveCfg = Release|Any CPU
		{839D7FBE-65E9-4236-8D26-28460ED20281}.Release|x64.Build.0 = Release|Any CPU
		{839D7FBE-65E9-4236-8D26-28460ED20281}.Release|x86.ActiveCfg = Release|Any CPU
		{839D7FBE-65E9-4236-8D26-28460ED20281}.Release|x86.Build.0 = Release|Any CPU
		{2AB2A038-2AC5-49C1-B1CB-A5FD2AD0A7A4}.Debug|Any CPU.ActiveCfg = Debug|Any CPU
		{2AB2A038-2AC5-49C1-B1CB-A5FD2AD0A7A4}.Debug|Any CPU.Build.0 = Debug|Any CPU
		{2AB2A038-2AC5-49C1-B1CB-A5FD2AD0A7A4}.Debug|x64.ActiveCfg = Debug|Any CPU
		{2AB2A038-2AC5-49C1-B1CB-A5FD2AD0A7A4}.Debug|x64.Build.0 = Debug|Any CPU
		{2AB2A038-2AC5-49C1-B1CB-A5FD2AD0A7A4}.Debug|x86.ActiveCfg = Debug|Any CPU
		{2AB2A038-2AC5-49C1-B1CB-A5FD2AD0A7A4}.Debug|x86.Build.0 = Debug|Any CPU
		{2AB2A038-2AC5-49C1-B1CB-A5FD2AD0A7A4}.Release|Any CPU.ActiveCfg = Release|Any CPU
		{2AB2A038-2AC5-49C1-B1CB-A5FD2AD0A7A4}.Release|Any CPU.Build.0 = Release|Any CPU
		{2AB2A038-2AC5-49C1-B1CB-A5FD2AD0A7A4}.Release|x64.ActiveCfg = Release|Any CPU
		{2AB2A038-2AC5-49C1-B1CB-A5FD2AD0A7A4}.Release|x64.Build.0 = Release|Any CPU
		{2AB2A038-2AC5-49C1-B1CB-A5FD2AD0A7A4}.Release|x86.ActiveCfg = Release|Any CPU
		{2AB2A038-2AC5-49C1-B1CB-A5FD2AD0A7A4}.Release|x86.Build.0 = Release|Any CPU
		{45CBE014-C1A3-40AB-AA65-BF4C23CEDA31}.Debug|Any CPU.ActiveCfg = Debug|Any CPU
		{45CBE014-C1A3-40AB-AA65-BF4C23CEDA31}.Debug|Any CPU.Build.0 = Debug|Any CPU
		{45CBE014-C1A3-40AB-AA65-BF4C23CEDA31}.Debug|x64.ActiveCfg = Debug|Any CPU
		{45CBE014-C1A3-40AB-AA65-BF4C23CEDA31}.Debug|x64.Build.0 = Debug|Any CPU
		{45CBE014-C1A3-40AB-AA65-BF4C23CEDA31}.Debug|x86.ActiveCfg = Debug|Any CPU
		{45CBE014-C1A3-40AB-AA65-BF4C23CEDA31}.Debug|x86.Build.0 = Debug|Any CPU
		{45CBE014-C1A3-40AB-AA65-BF4C23CEDA31}.Release|Any CPU.ActiveCfg = Release|Any CPU
		{45CBE014-C1A3-40AB-AA65-BF4C23CEDA31}.Release|Any CPU.Build.0 = Release|Any CPU
		{45CBE014-C1A3-40AB-AA65-BF4C23CEDA31}.Release|x64.ActiveCfg = Release|Any CPU
		{45CBE014-C1A3-40AB-AA65-BF4C23CEDA31}.Release|x64.Build.0 = Release|Any CPU
		{45CBE014-C1A3-40AB-AA65-BF4C23CEDA31}.Release|x86.ActiveCfg = Release|Any CPU
		{45CBE014-C1A3-40AB-AA65-BF4C23CEDA31}.Release|x86.Build.0 = Release|Any CPU
		{643D77C7-B90E-42F2-BB08-456A4F8B6C6E}.Debug|Any CPU.ActiveCfg = Debug|Any CPU
		{643D77C7-B90E-42F2-BB08-456A4F8B6C6E}.Debug|Any CPU.Build.0 = Debug|Any CPU
		{643D77C7-B90E-42F2-BB08-456A4F8B6C6E}.Debug|x64.ActiveCfg = Debug|Any CPU
		{643D77C7-B90E-42F2-BB08-456A4F8B6C6E}.Debug|x64.Build.0 = Debug|Any CPU
		{643D77C7-B90E-42F2-BB08-456A4F8B6C6E}.Debug|x86.ActiveCfg = Debug|Any CPU
		{643D77C7-B90E-42F2-BB08-456A4F8B6C6E}.Debug|x86.Build.0 = Debug|Any CPU
		{643D77C7-B90E-42F2-BB08-456A4F8B6C6E}.Release|Any CPU.ActiveCfg = Release|Any CPU
		{643D77C7-B90E-42F2-BB08-456A4F8B6C6E}.Release|Any CPU.Build.0 = Release|Any CPU
		{643D77C7-B90E-42F2-BB08-456A4F8B6C6E}.Release|x64.ActiveCfg = Release|Any CPU
		{643D77C7-B90E-42F2-BB08-456A4F8B6C6E}.Release|x64.Build.0 = Release|Any CPU
		{643D77C7-B90E-42F2-BB08-456A4F8B6C6E}.Release|x86.ActiveCfg = Release|Any CPU
		{643D77C7-B90E-42F2-BB08-456A4F8B6C6E}.Release|x86.Build.0 = Release|Any CPU
		{22CBD4D4-1F18-4F44-9E89-A06F82E56134}.Debug|Any CPU.ActiveCfg = Debug|Any CPU
		{22CBD4D4-1F18-4F44-9E89-A06F82E56134}.Debug|Any CPU.Build.0 = Debug|Any CPU
		{22CBD4D4-1F18-4F44-9E89-A06F82E56134}.Debug|x64.ActiveCfg = Debug|Any CPU
		{22CBD4D4-1F18-4F44-9E89-A06F82E56134}.Debug|x64.Build.0 = Debug|Any CPU
		{22CBD4D4-1F18-4F44-9E89-A06F82E56134}.Debug|x86.ActiveCfg = Debug|Any CPU
		{22CBD4D4-1F18-4F44-9E89-A06F82E56134}.Debug|x86.Build.0 = Debug|Any CPU
		{22CBD4D4-1F18-4F44-9E89-A06F82E56134}.Release|Any CPU.ActiveCfg = Release|Any CPU
		{22CBD4D4-1F18-4F44-9E89-A06F82E56134}.Release|Any CPU.Build.0 = Release|Any CPU
		{22CBD4D4-1F18-4F44-9E89-A06F82E56134}.Release|x64.ActiveCfg = Release|Any CPU
		{22CBD4D4-1F18-4F44-9E89-A06F82E56134}.Release|x64.Build.0 = Release|Any CPU
		{22CBD4D4-1F18-4F44-9E89-A06F82E56134}.Release|x86.ActiveCfg = Release|Any CPU
		{22CBD4D4-1F18-4F44-9E89-A06F82E56134}.Release|x86.Build.0 = Release|Any CPU
		{1B0F9D36-81A6-419B-B700-498CCC417CBB}.Debug|Any CPU.ActiveCfg = Debug|Any CPU
		{1B0F9D36-81A6-419B-B700-498CCC417CBB}.Debug|Any CPU.Build.0 = Debug|Any CPU
		{1B0F9D36-81A6-419B-B700-498CCC417CBB}.Debug|x64.ActiveCfg = Debug|Any CPU
		{1B0F9D36-81A6-419B-B700-498CCC417CBB}.Debug|x64.Build.0 = Debug|Any CPU
		{1B0F9D36-81A6-419B-B700-498CCC417CBB}.Debug|x86.ActiveCfg = Debug|Any CPU
		{1B0F9D36-81A6-419B-B700-498CCC417CBB}.Debug|x86.Build.0 = Debug|Any CPU
		{1B0F9D36-81A6-419B-B700-498CCC417CBB}.Release|Any CPU.ActiveCfg = Release|Any CPU
		{1B0F9D36-81A6-419B-B700-498CCC417CBB}.Release|Any CPU.Build.0 = Release|Any CPU
		{1B0F9D36-81A6-419B-B700-498CCC417CBB}.Release|x64.ActiveCfg = Release|Any CPU
		{1B0F9D36-81A6-419B-B700-498CCC417CBB}.Release|x64.Build.0 = Release|Any CPU
		{1B0F9D36-81A6-419B-B700-498CCC417CBB}.Release|x86.ActiveCfg = Release|Any CPU
		{1B0F9D36-81A6-419B-B700-498CCC417CBB}.Release|x86.Build.0 = Release|Any CPU
		{33397858-2FF2-45A9-B0EF-C993F19C190D}.Debug|Any CPU.ActiveCfg = Debug|Any CPU
		{33397858-2FF2-45A9-B0EF-C993F19C190D}.Debug|Any CPU.Build.0 = Debug|Any CPU
		{33397858-2FF2-45A9-B0EF-C993F19C190D}.Debug|x64.ActiveCfg = Debug|Any CPU
		{33397858-2FF2-45A9-B0EF-C993F19C190D}.Debug|x64.Build.0 = Debug|Any CPU
		{33397858-2FF2-45A9-B0EF-C993F19C190D}.Debug|x86.ActiveCfg = Debug|Any CPU
		{33397858-2FF2-45A9-B0EF-C993F19C190D}.Debug|x86.Build.0 = Debug|Any CPU
		{33397858-2FF2-45A9-B0EF-C993F19C190D}.Release|Any CPU.ActiveCfg = Release|Any CPU
		{33397858-2FF2-45A9-B0EF-C993F19C190D}.Release|Any CPU.Build.0 = Release|Any CPU
		{33397858-2FF2-45A9-B0EF-C993F19C190D}.Release|x64.ActiveCfg = Release|Any CPU
		{33397858-2FF2-45A9-B0EF-C993F19C190D}.Release|x64.Build.0 = Release|Any CPU
		{33397858-2FF2-45A9-B0EF-C993F19C190D}.Release|x86.ActiveCfg = Release|Any CPU
		{33397858-2FF2-45A9-B0EF-C993F19C190D}.Release|x86.Build.0 = Release|Any CPU
		{B5C5494C-AC6B-43C6-AE21-7FDC51165E07}.Debug|Any CPU.ActiveCfg = Debug|Any CPU
		{B5C5494C-AC6B-43C6-AE21-7FDC51165E07}.Debug|Any CPU.Build.0 = Debug|Any CPU
		{B5C5494C-AC6B-43C6-AE21-7FDC51165E07}.Debug|x64.ActiveCfg = Debug|Any CPU
		{B5C5494C-AC6B-43C6-AE21-7FDC51165E07}.Debug|x64.Build.0 = Debug|Any CPU
		{B5C5494C-AC6B-43C6-AE21-7FDC51165E07}.Debug|x86.ActiveCfg = Debug|Any CPU
		{B5C5494C-AC6B-43C6-AE21-7FDC51165E07}.Debug|x86.Build.0 = Debug|Any CPU
		{B5C5494C-AC6B-43C6-AE21-7FDC51165E07}.Release|Any CPU.ActiveCfg = Release|Any CPU
		{B5C5494C-AC6B-43C6-AE21-7FDC51165E07}.Release|Any CPU.Build.0 = Release|Any CPU
		{B5C5494C-AC6B-43C6-AE21-7FDC51165E07}.Release|x64.ActiveCfg = Release|Any CPU
		{B5C5494C-AC6B-43C6-AE21-7FDC51165E07}.Release|x64.Build.0 = Release|Any CPU
		{B5C5494C-AC6B-43C6-AE21-7FDC51165E07}.Release|x86.ActiveCfg = Release|Any CPU
		{B5C5494C-AC6B-43C6-AE21-7FDC51165E07}.Release|x86.Build.0 = Release|Any CPU
		{3538D99C-18BE-4BF1-B30B-5492D7937F74}.Debug|Any CPU.ActiveCfg = Debug|Any CPU
		{3538D99C-18BE-4BF1-B30B-5492D7937F74}.Debug|Any CPU.Build.0 = Debug|Any CPU
		{3538D99C-18BE-4BF1-B30B-5492D7937F74}.Debug|x64.ActiveCfg = Debug|Any CPU
		{3538D99C-18BE-4BF1-B30B-5492D7937F74}.Debug|x64.Build.0 = Debug|Any CPU
		{3538D99C-18BE-4BF1-B30B-5492D7937F74}.Debug|x86.ActiveCfg = Debug|Any CPU
		{3538D99C-18BE-4BF1-B30B-5492D7937F74}.Debug|x86.Build.0 = Debug|Any CPU
		{3538D99C-18BE-4BF1-B30B-5492D7937F74}.Release|Any CPU.ActiveCfg = Release|Any CPU
		{3538D99C-18BE-4BF1-B30B-5492D7937F74}.Release|Any CPU.Build.0 = Release|Any CPU
		{3538D99C-18BE-4BF1-B30B-5492D7937F74}.Release|x64.ActiveCfg = Release|Any CPU
		{3538D99C-18BE-4BF1-B30B-5492D7937F74}.Release|x64.Build.0 = Release|Any CPU
		{3538D99C-18BE-4BF1-B30B-5492D7937F74}.Release|x86.ActiveCfg = Release|Any CPU
		{3538D99C-18BE-4BF1-B30B-5492D7937F74}.Release|x86.Build.0 = Release|Any CPU
		{41D42AAC-C7E4-4576-A98F-589B89281203}.Debug|Any CPU.ActiveCfg = Debug|Any CPU
		{41D42AAC-C7E4-4576-A98F-589B89281203}.Debug|Any CPU.Build.0 = Debug|Any CPU
		{41D42AAC-C7E4-4576-A98F-589B89281203}.Debug|x64.ActiveCfg = Debug|Any CPU
		{41D42AAC-C7E4-4576-A98F-589B89281203}.Debug|x64.Build.0 = Debug|Any CPU
		{41D42AAC-C7E4-4576-A98F-589B89281203}.Debug|x86.ActiveCfg = Debug|Any CPU
		{41D42AAC-C7E4-4576-A98F-589B89281203}.Debug|x86.Build.0 = Debug|Any CPU
		{41D42AAC-C7E4-4576-A98F-589B89281203}.Release|Any CPU.ActiveCfg = Release|Any CPU
		{41D42AAC-C7E4-4576-A98F-589B89281203}.Release|Any CPU.Build.0 = Release|Any CPU
		{41D42AAC-C7E4-4576-A98F-589B89281203}.Release|x64.ActiveCfg = Release|Any CPU
		{41D42AAC-C7E4-4576-A98F-589B89281203}.Release|x64.Build.0 = Release|Any CPU
		{41D42AAC-C7E4-4576-A98F-589B89281203}.Release|x86.ActiveCfg = Release|Any CPU
		{41D42AAC-C7E4-4576-A98F-589B89281203}.Release|x86.Build.0 = Release|Any CPU
		{8B4ED134-63D5-470A-9FAD-D1EBF9B4E6A4}.Debug|Any CPU.ActiveCfg = Debug|Any CPU
		{8B4ED134-63D5-470A-9FAD-D1EBF9B4E6A4}.Debug|Any CPU.Build.0 = Debug|Any CPU
		{8B4ED134-63D5-470A-9FAD-D1EBF9B4E6A4}.Debug|x64.ActiveCfg = Debug|Any CPU
		{8B4ED134-63D5-470A-9FAD-D1EBF9B4E6A4}.Debug|x64.Build.0 = Debug|Any CPU
		{8B4ED134-63D5-470A-9FAD-D1EBF9B4E6A4}.Debug|x86.ActiveCfg = Debug|Any CPU
		{8B4ED134-63D5-470A-9FAD-D1EBF9B4E6A4}.Debug|x86.Build.0 = Debug|Any CPU
		{8B4ED134-63D5-470A-9FAD-D1EBF9B4E6A4}.Release|Any CPU.ActiveCfg = Release|Any CPU
		{8B4ED134-63D5-470A-9FAD-D1EBF9B4E6A4}.Release|Any CPU.Build.0 = Release|Any CPU
		{8B4ED134-63D5-470A-9FAD-D1EBF9B4E6A4}.Release|x64.ActiveCfg = Release|Any CPU
		{8B4ED134-63D5-470A-9FAD-D1EBF9B4E6A4}.Release|x64.Build.0 = Release|Any CPU
		{8B4ED134-63D5-470A-9FAD-D1EBF9B4E6A4}.Release|x86.ActiveCfg = Release|Any CPU
		{8B4ED134-63D5-470A-9FAD-D1EBF9B4E6A4}.Release|x86.Build.0 = Release|Any CPU
		{DDFAB72B-4AE6-46AB-BA3A-A50F30A73F81}.Debug|Any CPU.ActiveCfg = Debug|Any CPU
		{DDFAB72B-4AE6-46AB-BA3A-A50F30A73F81}.Debug|Any CPU.Build.0 = Debug|Any CPU
		{DDFAB72B-4AE6-46AB-BA3A-A50F30A73F81}.Debug|x64.ActiveCfg = Debug|Any CPU
		{DDFAB72B-4AE6-46AB-BA3A-A50F30A73F81}.Debug|x64.Build.0 = Debug|Any CPU
		{DDFAB72B-4AE6-46AB-BA3A-A50F30A73F81}.Debug|x86.ActiveCfg = Debug|Any CPU
		{DDFAB72B-4AE6-46AB-BA3A-A50F30A73F81}.Debug|x86.Build.0 = Debug|Any CPU
		{DDFAB72B-4AE6-46AB-BA3A-A50F30A73F81}.Release|Any CPU.ActiveCfg = Release|Any CPU
		{DDFAB72B-4AE6-46AB-BA3A-A50F30A73F81}.Release|Any CPU.Build.0 = Release|Any CPU
		{DDFAB72B-4AE6-46AB-BA3A-A50F30A73F81}.Release|x64.ActiveCfg = Release|Any CPU
		{DDFAB72B-4AE6-46AB-BA3A-A50F30A73F81}.Release|x64.Build.0 = Release|Any CPU
		{DDFAB72B-4AE6-46AB-BA3A-A50F30A73F81}.Release|x86.ActiveCfg = Release|Any CPU
		{DDFAB72B-4AE6-46AB-BA3A-A50F30A73F81}.Release|x86.Build.0 = Release|Any CPU
		{5114AE80-3C07-4251-8892-A45C8457EC7C}.Debug|Any CPU.ActiveCfg = Debug|Any CPU
		{5114AE80-3C07-4251-8892-A45C8457EC7C}.Debug|Any CPU.Build.0 = Debug|Any CPU
		{5114AE80-3C07-4251-8892-A45C8457EC7C}.Debug|x64.ActiveCfg = Debug|Any CPU
		{5114AE80-3C07-4251-8892-A45C8457EC7C}.Debug|x64.Build.0 = Debug|Any CPU
		{5114AE80-3C07-4251-8892-A45C8457EC7C}.Debug|x86.ActiveCfg = Debug|Any CPU
		{5114AE80-3C07-4251-8892-A45C8457EC7C}.Debug|x86.Build.0 = Debug|Any CPU
		{5114AE80-3C07-4251-8892-A45C8457EC7C}.Release|Any CPU.ActiveCfg = Release|Any CPU
		{5114AE80-3C07-4251-8892-A45C8457EC7C}.Release|Any CPU.Build.0 = Release|Any CPU
		{5114AE80-3C07-4251-8892-A45C8457EC7C}.Release|x64.ActiveCfg = Release|Any CPU
		{5114AE80-3C07-4251-8892-A45C8457EC7C}.Release|x64.Build.0 = Release|Any CPU
		{5114AE80-3C07-4251-8892-A45C8457EC7C}.Release|x86.ActiveCfg = Release|Any CPU
		{5114AE80-3C07-4251-8892-A45C8457EC7C}.Release|x86.Build.0 = Release|Any CPU
	EndGlobalSection
	GlobalSection(SolutionProperties) = preSolution
		HideSolutionNode = FALSE
	EndGlobalSection
	GlobalSection(NestedProjects) = preSolution
		{87DA8BEA-FCEA-4832-A947-A2FEB5743192} = {CA253913-39DE-BFD0-C9A3-4B7EC6FBDF17}
		{2FFF0750-EDFD-4156-B85E-695BC088C6F0} = {827E0CD3-B72D-47B6-A68D-7590B98EB39B}
		{014BDDF8-E047-4E78-9C5E-EDEE0D54F529} = {827E0CD3-B72D-47B6-A68D-7590B98EB39B}
		{9C3BA4B3-4508-4515-8363-98BAB762083C} = {827E0CD3-B72D-47B6-A68D-7590B98EB39B}
		{EBDD4449-1D38-48CD-86A9-EE194066AC45} = {827E0CD3-B72D-47B6-A68D-7590B98EB39B}
		{95D825B7-D3FA-4B83-82FA-72005CCAD1B9} = {827E0CD3-B72D-47B6-A68D-7590B98EB39B}
		{FDF649DC-931F-457B-8135-459E9D4EDC83} = {827E0CD3-B72D-47B6-A68D-7590B98EB39B}
		{C27E82CF-7852-4584-B78B-3ED37129F342} = {827E0CD3-B72D-47B6-A68D-7590B98EB39B}
		{839D7FBE-65E9-4236-8D26-28460ED20281} = {827E0CD3-B72D-47B6-A68D-7590B98EB39B}
		{2AB2A038-2AC5-49C1-B1CB-A5FD2AD0A7A4} = {827E0CD3-B72D-47B6-A68D-7590B98EB39B}
		{45CBE014-C1A3-40AB-AA65-BF4C23CEDA31} = {827E0CD3-B72D-47B6-A68D-7590B98EB39B}
		{643D77C7-B90E-42F2-BB08-456A4F8B6C6E} = {827E0CD3-B72D-47B6-A68D-7590B98EB39B}
		{22CBD4D4-1F18-4F44-9E89-A06F82E56134} = {827E0CD3-B72D-47B6-A68D-7590B98EB39B}
		{1B0F9D36-81A6-419B-B700-498CCC417CBB} = {827E0CD3-B72D-47B6-A68D-7590B98EB39B}
		{33397858-2FF2-45A9-B0EF-C993F19C190D} = {827E0CD3-B72D-47B6-A68D-7590B98EB39B}
		{B5C5494C-AC6B-43C6-AE21-7FDC51165E07} = {827E0CD3-B72D-47B6-A68D-7590B98EB39B}
		{3538D99C-18BE-4BF1-B30B-5492D7937F74} = {0AB3BF05-4346-4AA6-1389-037BE0695223}
		{41D42AAC-C7E4-4576-A98F-589B89281203} = {0AB3BF05-4346-4AA6-1389-037BE0695223}
		{8B4ED134-63D5-470A-9FAD-D1EBF9B4E6A4} = {0AB3BF05-4346-4AA6-1389-037BE0695223}
		{DDFAB72B-4AE6-46AB-BA3A-A50F30A73F81} = {0AB3BF05-4346-4AA6-1389-037BE0695223}
		{5114AE80-3C07-4251-8892-A45C8457EC7C} = {0AB3BF05-4346-4AA6-1389-037BE0695223}
	EndGlobalSection
EndGlobal
